
Microsoft Visual Studio Solution File, Format Version 12.00
# Visual Studio Version 17
VisualStudioVersion = 17.0.31903.59
MinimumVisualStudioVersion = 10.0.40219.1
Project("{2150E333-8FDC-42A3-9474-1A3956D46DE8}") = "src", "src", "{09495A13-A39B-40A9-A762-B76FA41B6A92}"
EndProject
Project("{9A19103F-16F7-4668-BE54-9A1E7A4F7556}") = "OrangeHrm.Automation", "src\OrangeHrm.Automation\OrangeHrm.Automation.csproj", "{DEEC788A-41A5-4892-B94D-1E30C64BF837}"
EndProject
Project("{2150E333-8FDC-42A3-9474-1A3956D46DE8}") = "tests", "tests", "{E0B59F98-61A0-4B86-897F-F06B084ECB69}"
EndProject
Project("{9A19103F-16F7-4668-BE54-9A1E7A4F7556}") = "OrangeHrm.Tests", "tests\OrangeHrm.Tests\OrangeHrm.Tests.csproj", "{57E71713-EBF2-4B19-8625-0514619FD852}"
EndProject
Project("{2150E333-8FDC-42A3-9474-1A3956D46DE8}") = "Properties", "Properties", "{558B82CD-7EE4-43C4-A651-C1781C8D7C88}"
	ProjectSection(SolutionItems) = preProject
		AssemblyInfo.cs = AssemblyInfo.cs
	EndProjectSection
EndProject
Global
	GlobalSection(SolutionConfigurationPlatforms) = preSolution
		Debug|Any CPU = Debug|Any CPU
		Release|Any CPU = Release|Any CPU
	EndGlobalSection
	GlobalSection(ProjectConfigurationPlatforms) = postSolution
		{DEEC788A-41A5-4892-B94D-1E30C64BF837}.Debug|Any CPU.ActiveCfg = Debug|Any CPU
		{DEEC788A-41A5-4892-B94D-1E30C64BF837}.Debug|Any CPU.Build.0 = Debug|Any CPU
		{DEEC788A-41A5-4892-B94D-1E30C64BF837}.Release|Any CPU.ActiveCfg = Release|Any CPU
		{DEEC788A-41A5-4892-B94D-1E30C64BF837}.Release|Any CPU.Build.0 = Release|Any CPU
		{57E71713-EBF2-4B19-8625-0514619FD852}.Debug|Any CPU.ActiveCfg = Debug|Any CPU
		{57E71713-EBF2-4B19-8625-0514619FD852}.Debug|Any CPU.Build.0 = Debug|Any CPU
		{57E71713-EBF2-4B19-8625-0514619FD852}.Release|Any CPU.ActiveCfg = Release|Any CPU
		{57E71713-EBF2-4B19-8625-0514619FD852}.Release|Any CPU.Build.0 = Release|Any CPU
	EndGlobalSection
	GlobalSection(SolutionProperties) = preSolution
		HideSolutionNode = FALSE
	EndGlobalSection
	GlobalSection(NestedProjects) = preSolution
		{DEEC788A-41A5-4892-B94D-1E30C64BF837} = {09495A13-A39B-40A9-A762-B76FA41B6A92}
		{57E71713-EBF2-4B19-8625-0514619FD852} = {E0B59F98-61A0-4B86-897F-F06B084ECB69}
		{558B82CD-7EE4-43C4-A651-C1781C8D7C88} = {E0B59F98-61A0-4B86-897F-F06B084ECB69}
	EndGlobalSection
	GlobalSection(ExtensibilityGlobals) = postSolution
		SolutionGuid = {FF486197-A135-4261-B0BE-7DCE2C6A7EC2}
	EndGlobalSection
EndGlobal
